
Microsoft Visual Studio Solution File, Format Version 12.00
# Visual Studio Version 17
VisualStudioVersion = 17.10.35004.147
MinimumVisualStudioVersion = 10.0.40219.1
Project("{8BC9CEB8-8B4A-11D0-8D11-00A0C91BC942}") = "0626", "0626\0626.vcxproj", "{27D89E6E-BF51-4E4B-BE35-6624DBD8D340}"
EndProject
Global
	GlobalSection(SolutionConfigurationPlatforms) = preSolution
		Debug|x64 = Debug|x64
		Debug|x86 = Debug|x86
		Release|x64 = Release|x64
		Release|x86 = Release|x86
	EndGlobalSection
	GlobalSection(ProjectConfigurationPlatforms) = postSolution
		{27D89E6E-BF51-4E4B-BE35-6624DBD8D340}.Debug|x64.ActiveCfg = Debug|x64
		{27D89E6E-BF51-4E4B-BE35-6624DBD8D340}.Debug|x64.Build.0 = Debug|x64
		{27D89E6E-BF51-4E4B-BE35-6624DBD8D340}.Debug|x86.ActiveCfg = Debug|Win32
		{27D89E6E-BF51-4E4B-BE35-6624DBD8D340}.Debug|x86.Build.0 = Debug|Win32
		{27D89E6E-BF51-4E4B-BE35-6624DBD8D340}.Release|x64.ActiveCfg = Release|x64
		{27D89E6E-BF51-4E4B-BE35-6624DBD8D340}.Release|x64.Build.0 = Release|x64
		{27D89E6E-BF51-4E4B-BE35-6624DBD8D340}.Release|x86.ActiveCfg = Release|Win32
		{27D89E6E-BF51-4E4B-BE35-6624DBD8D340}.Release|x86.Build.0 = Release|Win32
	EndGlobalSection
	GlobalSection(SolutionProperties) = preSolution
		HideSolutionNode = FALSE
	EndGlobalSection
	GlobalSection(ExtensibilityGlobals) = postSolution
		SolutionGuid = {F72DCE50-493B-4E33-8863-F5663F7157C8}
	EndGlobalSection
EndGlobal
