
Microsoft Visual Studio Solution File, Format Version 12.00
# Visual Studio Version 17
VisualStudioVersion = 17.10.35004.147
MinimumVisualStudioVersion = 10.0.40219.1
Project("{8BC9CEB8-8B4A-11D0-8D11-00A0C91BC942}") = "0704_Practice1", "0704_Practice1\0704_Practice1.vcxproj", "{836C3AD5-630D-4F3D-A9C1-7797CC483D78}"
EndProject
Global
	GlobalSection(SolutionConfigurationPlatforms) = preSolution
		Debug|x64 = Debug|x64
		Debug|x86 = Debug|x86
		Release|x64 = Release|x64
		Release|x86 = Release|x86
	EndGlobalSection
	GlobalSection(ProjectConfigurationPlatforms) = postSolution
		{836C3AD5-630D-4F3D-A9C1-7797CC483D78}.Debug|x64.ActiveCfg = Debug|x64
		{836C3AD5-630D-4F3D-A9C1-7797CC483D78}.Debug|x64.Build.0 = Debug|x64
		{836C3AD5-630D-4F3D-A9C1-7797CC483D78}.Debug|x86.ActiveCfg = Debug|Win32
		{836C3AD5-630D-4F3D-A9C1-7797CC483D78}.Debug|x86.Build.0 = Debug|Win32
		{836C3AD5-630D-4F3D-A9C1-7797CC483D78}.Release|x64.ActiveCfg = Release|x64
		{836C3AD5-630D-4F3D-A9C1-7797CC483D78}.Release|x64.Build.0 = Release|x64
		{836C3AD5-630D-4F3D-A9C1-7797CC483D78}.Release|x86.ActiveCfg = Release|Win32
		{836C3AD5-630D-4F3D-A9C1-7797CC483D78}.Release|x86.Build.0 = Release|Win32
	EndGlobalSection
	GlobalSection(SolutionProperties) = preSolution
		HideSolutionNode = FALSE
	EndGlobalSection
	GlobalSection(ExtensibilityGlobals) = postSolution
		SolutionGuid = {7DA863D1-CB95-4303-B85B-D8E9CE75B86C}
	EndGlobalSection
EndGlobal
