
Microsoft Visual Studio Solution File, Format Version 12.00
# Visual Studio Version 17
VisualStudioVersion = 17.10.35004.147
MinimumVisualStudioVersion = 10.0.40219.1
Project("{8BC9CEB8-8B4A-11D0-8D11-00A0C91BC942}") = "0909_LinkedList", "0909_LinkedList\0909_LinkedList.vcxproj", "{D0E05332-281B-4000-BA62-2C32F059CC9C}"
EndProject
Global
	GlobalSection(SolutionConfigurationPlatforms) = preSolution
		Debug|x64 = Debug|x64
		Debug|x86 = Debug|x86
		Release|x64 = Release|x64
		Release|x86 = Release|x86
	EndGlobalSection
	GlobalSection(ProjectConfigurationPlatforms) = postSolution
		{D0E05332-281B-4000-BA62-2C32F059CC9C}.Debug|x64.ActiveCfg = Debug|x64
		{D0E05332-281B-4000-BA62-2C32F059CC9C}.Debug|x64.Build.0 = Debug|x64
		{D0E05332-281B-4000-BA62-2C32F059CC9C}.Debug|x86.ActiveCfg = Debug|Win32
		{D0E05332-281B-4000-BA62-2C32F059CC9C}.Debug|x86.Build.0 = Debug|Win32
		{D0E05332-281B-4000-BA62-2C32F059CC9C}.Release|x64.ActiveCfg = Release|x64
		{D0E05332-281B-4000-BA62-2C32F059CC9C}.Release|x64.Build.0 = Release|x64
		{D0E05332-281B-4000-BA62-2C32F059CC9C}.Release|x86.ActiveCfg = Release|Win32
		{D0E05332-281B-4000-BA62-2C32F059CC9C}.Release|x86.Build.0 = Release|Win32
	EndGlobalSection
	GlobalSection(SolutionProperties) = preSolution
		HideSolutionNode = FALSE
	EndGlobalSection
	GlobalSection(ExtensibilityGlobals) = postSolution
		SolutionGuid = {BC4235A4-028D-440F-B8AB-F46B62B6566D}
	EndGlobalSection
EndGlobal
