
Microsoft Visual Studio Solution File, Format Version 12.00
# Visual Studio Version 17
VisualStudioVersion = 17.10.35004.147
MinimumVisualStudioVersion = 10.0.40219.1
Project("{8BC9CEB8-8B4A-11D0-8D11-00A0C91BC942}") = "0904_KMP", "0904_KMP\0904_KMP.vcxproj", "{31E260AC-6649-4F76-B686-E0775586DD4D}"
EndProject
Global
	GlobalSection(SolutionConfigurationPlatforms) = preSolution
		Debug|x64 = Debug|x64
		Debug|x86 = Debug|x86
		Release|x64 = Release|x64
		Release|x86 = Release|x86
	EndGlobalSection
	GlobalSection(ProjectConfigurationPlatforms) = postSolution
		{31E260AC-6649-4F76-B686-E0775586DD4D}.Debug|x64.ActiveCfg = Debug|x64
		{31E260AC-6649-4F76-B686-E0775586DD4D}.Debug|x64.Build.0 = Debug|x64
		{31E260AC-6649-4F76-B686-E0775586DD4D}.Debug|x86.ActiveCfg = Debug|Win32
		{31E260AC-6649-4F76-B686-E0775586DD4D}.Debug|x86.Build.0 = Debug|Win32
		{31E260AC-6649-4F76-B686-E0775586DD4D}.Release|x64.ActiveCfg = Release|x64
		{31E260AC-6649-4F76-B686-E0775586DD4D}.Release|x64.Build.0 = Release|x64
		{31E260AC-6649-4F76-B686-E0775586DD4D}.Release|x86.ActiveCfg = Release|Win32
		{31E260AC-6649-4F76-B686-E0775586DD4D}.Release|x86.Build.0 = Release|Win32
	EndGlobalSection
	GlobalSection(SolutionProperties) = preSolution
		HideSolutionNode = FALSE
	EndGlobalSection
	GlobalSection(ExtensibilityGlobals) = postSolution
		SolutionGuid = {376F566D-8D71-43F7-B259-F40F5339F954}
	EndGlobalSection
EndGlobal
