
Microsoft Visual Studio Solution File, Format Version 12.00
# Visual Studio Version 17
VisualStudioVersion = 17.10.35004.147
MinimumVisualStudioVersion = 10.0.40219.1
Project("{8BC9CEB8-8B4A-11D0-8D11-00A0C91BC942}") = "0718_Practice3", "0718_Practice3\0718_Practice3.vcxproj", "{BFD07851-4E7A-4AC2-BDFF-C64F01162465}"
EndProject
Global
	GlobalSection(SolutionConfigurationPlatforms) = preSolution
		Debug|x64 = Debug|x64
		Debug|x86 = Debug|x86
		Release|x64 = Release|x64
		Release|x86 = Release|x86
	EndGlobalSection
	GlobalSection(ProjectConfigurationPlatforms) = postSolution
		{BFD07851-4E7A-4AC2-BDFF-C64F01162465}.Debug|x64.ActiveCfg = Debug|x64
		{BFD07851-4E7A-4AC2-BDFF-C64F01162465}.Debug|x64.Build.0 = Debug|x64
		{BFD07851-4E7A-4AC2-BDFF-C64F01162465}.Debug|x86.ActiveCfg = Debug|Win32
		{BFD07851-4E7A-4AC2-BDFF-C64F01162465}.Debug|x86.Build.0 = Debug|Win32
		{BFD07851-4E7A-4AC2-BDFF-C64F01162465}.Release|x64.ActiveCfg = Release|x64
		{BFD07851-4E7A-4AC2-BDFF-C64F01162465}.Release|x64.Build.0 = Release|x64
		{BFD07851-4E7A-4AC2-BDFF-C64F01162465}.Release|x86.ActiveCfg = Release|Win32
		{BFD07851-4E7A-4AC2-BDFF-C64F01162465}.Release|x86.Build.0 = Release|Win32
	EndGlobalSection
	GlobalSection(SolutionProperties) = preSolution
		HideSolutionNode = FALSE
	EndGlobalSection
	GlobalSection(ExtensibilityGlobals) = postSolution
		SolutionGuid = {91D8A54D-C3CF-4B44-BF3B-6815FD4562E5}
	EndGlobalSection
EndGlobal
