
Microsoft Visual Studio Solution File, Format Version 12.00
# Visual Studio Version 17
VisualStudioVersion = 17.10.35004.147
MinimumVisualStudioVersion = 10.0.40219.1
Project("{8BC9CEB8-8B4A-11D0-8D11-00A0C91BC942}") = "0902_wp_1", "0902_wp_1\0902_wp_1.vcxproj", "{441478A6-1486-4017-8395-0555B8E92981}"
EndProject
Global
	GlobalSection(SolutionConfigurationPlatforms) = preSolution
		Debug|x64 = Debug|x64
		Debug|x86 = Debug|x86
		Release|x64 = Release|x64
		Release|x86 = Release|x86
	EndGlobalSection
	GlobalSection(ProjectConfigurationPlatforms) = postSolution
		{441478A6-1486-4017-8395-0555B8E92981}.Debug|x64.ActiveCfg = Debug|x64
		{441478A6-1486-4017-8395-0555B8E92981}.Debug|x64.Build.0 = Debug|x64
		{441478A6-1486-4017-8395-0555B8E92981}.Debug|x86.ActiveCfg = Debug|Win32
		{441478A6-1486-4017-8395-0555B8E92981}.Debug|x86.Build.0 = Debug|Win32
		{441478A6-1486-4017-8395-0555B8E92981}.Release|x64.ActiveCfg = Release|x64
		{441478A6-1486-4017-8395-0555B8E92981}.Release|x64.Build.0 = Release|x64
		{441478A6-1486-4017-8395-0555B8E92981}.Release|x86.ActiveCfg = Release|Win32
		{441478A6-1486-4017-8395-0555B8E92981}.Release|x86.Build.0 = Release|Win32
	EndGlobalSection
	GlobalSection(SolutionProperties) = preSolution
		HideSolutionNode = FALSE
	EndGlobalSection
	GlobalSection(ExtensibilityGlobals) = postSolution
		SolutionGuid = {3E7FE7C1-9D01-4404-A8F6-DBD318C5B420}
	EndGlobalSection
EndGlobal
