
Microsoft Visual Studio Solution File, Format Version 12.00
# Visual Studio Version 17
VisualStudioVersion = 17.10.35004.147
MinimumVisualStudioVersion = 10.0.40219.1
Project("{8BC9CEB8-8B4A-11D0-8D11-00A0C91BC942}") = "C++BlankSheet", "C++BlankSheet\C++BlankSheet.vcxproj", "{82F3F43F-C790-4B90-8A4D-51859D1F61B2}"
EndProject
Global
	GlobalSection(SolutionConfigurationPlatforms) = preSolution
		Debug|x64 = Debug|x64
		Debug|x86 = Debug|x86
		Release|x64 = Release|x64
		Release|x86 = Release|x86
	EndGlobalSection
	GlobalSection(ProjectConfigurationPlatforms) = postSolution
		{82F3F43F-C790-4B90-8A4D-51859D1F61B2}.Debug|x64.ActiveCfg = Debug|x64
		{82F3F43F-C790-4B90-8A4D-51859D1F61B2}.Debug|x64.Build.0 = Debug|x64
		{82F3F43F-C790-4B90-8A4D-51859D1F61B2}.Debug|x86.ActiveCfg = Debug|Win32
		{82F3F43F-C790-4B90-8A4D-51859D1F61B2}.Debug|x86.Build.0 = Debug|Win32
		{82F3F43F-C790-4B90-8A4D-51859D1F61B2}.Release|x64.ActiveCfg = Release|x64
		{82F3F43F-C790-4B90-8A4D-51859D1F61B2}.Release|x64.Build.0 = Release|x64
		{82F3F43F-C790-4B90-8A4D-51859D1F61B2}.Release|x86.ActiveCfg = Release|Win32
		{82F3F43F-C790-4B90-8A4D-51859D1F61B2}.Release|x86.Build.0 = Release|Win32
	EndGlobalSection
	GlobalSection(SolutionProperties) = preSolution
		HideSolutionNode = FALSE
	EndGlobalSection
	GlobalSection(ExtensibilityGlobals) = postSolution
		SolutionGuid = {8E87EB49-E5CA-4C46-B30D-17827F1A594D}
	EndGlobalSection
EndGlobal
