
Microsoft Visual Studio Solution File, Format Version 12.00
# Visual Studio Version 17
VisualStudioVersion = 17.10.35004.147
MinimumVisualStudioVersion = 10.0.40219.1
Project("{8BC9CEB8-8B4A-11D0-8D11-00A0C91BC942}") = "0626_Practice1", "0626_Practice1\0626_Practice1.vcxproj", "{BF22A7CE-E3F2-4424-B57D-71C51C8D9ED9}"
EndProject
Global
	GlobalSection(SolutionConfigurationPlatforms) = preSolution
		Debug|x64 = Debug|x64
		Debug|x86 = Debug|x86
		Release|x64 = Release|x64
		Release|x86 = Release|x86
	EndGlobalSection
	GlobalSection(ProjectConfigurationPlatforms) = postSolution
		{BF22A7CE-E3F2-4424-B57D-71C51C8D9ED9}.Debug|x64.ActiveCfg = Debug|x64
		{BF22A7CE-E3F2-4424-B57D-71C51C8D9ED9}.Debug|x64.Build.0 = Debug|x64
		{BF22A7CE-E3F2-4424-B57D-71C51C8D9ED9}.Debug|x86.ActiveCfg = Debug|Win32
		{BF22A7CE-E3F2-4424-B57D-71C51C8D9ED9}.Debug|x86.Build.0 = Debug|Win32
		{BF22A7CE-E3F2-4424-B57D-71C51C8D9ED9}.Release|x64.ActiveCfg = Release|x64
		{BF22A7CE-E3F2-4424-B57D-71C51C8D9ED9}.Release|x64.Build.0 = Release|x64
		{BF22A7CE-E3F2-4424-B57D-71C51C8D9ED9}.Release|x86.ActiveCfg = Release|Win32
		{BF22A7CE-E3F2-4424-B57D-71C51C8D9ED9}.Release|x86.Build.0 = Release|Win32
	EndGlobalSection
	GlobalSection(SolutionProperties) = preSolution
		HideSolutionNode = FALSE
	EndGlobalSection
	GlobalSection(ExtensibilityGlobals) = postSolution
		SolutionGuid = {1048E7B7-5D5F-4EB2-9316-94E57E580794}
	EndGlobalSection
EndGlobal
